
Microsoft Visual Studio Solution File, Format Version 11.00
# Visual Studio 2010
Project("{FAE04EC0-301F-11D3-BF4B-00C04F79EFBC}") = "ShootingStar", "ShootingStar\ShootingStar.csproj", "{D154B0D0-6F54-4FE4-B385-0388FBFE9B5F}"
EndProject
Global
	GlobalSection(SolutionConfigurationPlatforms) = preSolution
		Debug|x86 = Debug|x86
		Release|x86 = Release|x86
	EndGlobalSection
	GlobalSection(ProjectConfigurationPlatforms) = postSolution
		{D154B0D0-6F54-4FE4-B385-0388FBFE9B5F}.Debug|x86.ActiveCfg = Debug|x86
		{D154B0D0-6F54-4FE4-B385-0388FBFE9B5F}.Debug|x86.Build.0 = Debug|x86
		{D154B0D0-6F54-4FE4-B385-0388FBFE9B5F}.Release|x86.ActiveCfg = Release|x86
		{D154B0D0-6F54-4FE4-B385-0388FBFE9B5F}.Release|x86.Build.0 = Release|x86
	EndGlobalSection
	GlobalSection(SolutionProperties) = preSolution
		HideSolutionNode = FALSE
	EndGlobalSection
EndGlobal
